// !$*UTF8*$!
{
	archiveVersion = 1;
	classes = {
	};
	objectVersion = 46;
	objects = {

/* Begin PBXBuildFile section */
		A68205791C545C0E00C16908 /* StringExtensions.swift in Sources */ = {isa = PBXBuildFile; fileRef = A68205761C545C0E00C16908 /* StringExtensions.swift */; };
		A682057A1C545C0E00C16908 /* Option.swift in Sources */ = {isa = PBXBuildFile; fileRef = A68205771C545C0E00C16908 /* Option.swift */; };
		A682057B1C545C0E00C16908 /* CommandLine.swift in Sources */ = {isa = PBXBuildFile; fileRef = A68205781C545C0E00C16908 /* CommandLine.swift */; };
		A68205811C545D2300C16908 /* TZREST.swift in Sources */ = {isa = PBXBuildFile; fileRef = A68205801C545D2300C16908 /* TZREST.swift */; };
		A6B34C911C583555001296F3 /* DataConnection.swift in Sources */ = {isa = PBXBuildFile; fileRef = A6B34C901C583555001296F3 /* DataConnection.swift */; };
		A6B34C9A1C583CCA001296F3 /* Decoder.swift in Sources */ = {isa = PBXBuildFile; fileRef = A6B34C931C583CCA001296F3 /* Decoder.swift */; };
		A6B34C9B1C583CCA001296F3 /* Dictionary.swift in Sources */ = {isa = PBXBuildFile; fileRef = A6B34C941C583CCA001296F3 /* Dictionary.swift */; };
		A6B34C9C1C583CCA001296F3 /* Encoder.swift in Sources */ = {isa = PBXBuildFile; fileRef = A6B34C951C583CCA001296F3 /* Encoder.swift */; };
		A6B34C9D1C583CCA001296F3 /* Gloss.swift in Sources */ = {isa = PBXBuildFile; fileRef = A6B34C971C583CCA001296F3 /* Gloss.swift */; };
		A6B34C9E1C583CCA001296F3 /* Operators.swift in Sources */ = {isa = PBXBuildFile; fileRef = A6B34C991C583CCA001296F3 /* Operators.swift */; };
		A6C215D91C5492A700F31667 /* TZEAdmin in CopyFiles */ = {isa = PBXBuildFile; fileRef = A6CEA17B1C4AA75F00B26548 /* TZEAdmin */; };
		A6C215EF1C582F3500F31667 /* RESTforPARSE.swift in Sources */ = {isa = PBXBuildFile; fileRef = A6C215EE1C582F3500F31667 /* RESTforPARSE.swift */; };
		A6CEA17F1C4AA75F00B26548 /* main.swift in Sources */ = {isa = PBXBuildFile; fileRef = A6CEA17E1C4AA75F00B26548 /* main.swift */; };
		A6CEA18C1C4AD94500B26548 /* CreateNameData.swift in Sources */ = {isa = PBXBuildFile; fileRef = A6CEA18B1C4AD94500B26548 /* CreateNameData.swift */; };
/* End PBXBuildFile section */

/* Begin PBXCopyFilesBuildPhase section */
		A6CEA1791C4AA75F00B26548 /* CopyFiles */ = {
			isa = PBXCopyFilesBuildPhase;
			buildActionMask = 12;
			dstPath = "~/Documents/Projects/Clients/project-michael-mehr/TimeZoneExplorer/TZEAdmin/TZEAdmin";
			dstSubfolderSpec = 0;
			files = (
				A6C215D91C5492A700F31667 /* TZEAdmin in CopyFiles */,
			);
			runOnlyForDeploymentPostprocessing = 0;
		};
/* End PBXCopyFilesBuildPhase section */

/* Begin PBXFileReference section */
		A68205761C545C0E00C16908 /* StringExtensions.swift */ = {isa = PBXFileReference; fileEncoding = 4; lastKnownFileType = sourcecode.swift; path = StringExtensions.swift; sourceTree = "<group>"; };
		A68205771C545C0E00C16908 /* Option.swift */ = {isa = PBXFileReference; fileEncoding = 4; lastKnownFileType = sourcecode.swift; path = Option.swift; sourceTree = "<group>"; };
		A68205781C545C0E00C16908 /* CommandLine.swift */ = {isa = PBXFileReference; fileEncoding = 4; lastKnownFileType = sourcecode.swift; path = CommandLine.swift; sourceTree = "<group>"; };
		A68205801C545D2300C16908 /* TZREST.swift */ = {isa = PBXFileReference; fileEncoding = 4; lastKnownFileType = sourcecode.swift; path = TZREST.swift; sourceTree = "<group>"; };
		A6B34C901C583555001296F3 /* DataConnection.swift */ = {isa = PBXFileReference; fileEncoding = 4; lastKnownFileType = sourcecode.swift; path = DataConnection.swift; sourceTree = "<group>"; };
		A6B34C931C583CCA001296F3 /* Decoder.swift */ = {isa = PBXFileReference; fileEncoding = 4; lastKnownFileType = sourcecode.swift; path = Decoder.swift; sourceTree = "<group>"; };
		A6B34C941C583CCA001296F3 /* Dictionary.swift */ = {isa = PBXFileReference; fileEncoding = 4; lastKnownFileType = sourcecode.swift; path = Dictionary.swift; sourceTree = "<group>"; };
		A6B34C951C583CCA001296F3 /* Encoder.swift */ = {isa = PBXFileReference; fileEncoding = 4; lastKnownFileType = sourcecode.swift; path = Encoder.swift; sourceTree = "<group>"; };
		A6B34C961C583CCA001296F3 /* Gloss.h */ = {isa = PBXFileReference; fileEncoding = 4; lastKnownFileType = sourcecode.c.h; path = Gloss.h; sourceTree = "<group>"; };
		A6B34C971C583CCA001296F3 /* Gloss.swift */ = {isa = PBXFileReference; fileEncoding = 4; lastKnownFileType = sourcecode.swift; path = Gloss.swift; sourceTree = "<group>"; };
		A6B34C981C583CCA001296F3 /* Info.plist */ = {isa = PBXFileReference; fileEncoding = 4; lastKnownFileType = text.plist.xml; path = Info.plist; sourceTree = "<group>"; };
		A6B34C991C583CCA001296F3 /* Operators.swift */ = {isa = PBXFileReference; fileEncoding = 4; lastKnownFileType = sourcecode.swift; path = Operators.swift; sourceTree = "<group>"; };
		A6C215DC1C557A3300F31667 /* AddRoleRelations.sh */ = {isa = PBXFileReference; lastKnownFileType = text.script.sh; path = AddRoleRelations.sh; sourceTree = "<group>"; };
		A6C215DD1C5583F200F31667 /* AddRoleUser.sh */ = {isa = PBXFileReference; lastKnownFileType = text.script.sh; path = AddRoleUser.sh; sourceTree = "<group>"; };
		A6C215DE1C55884400F31667 /* RemoveRoleUser.sh */ = {isa = PBXFileReference; lastKnownFileType = text.script.sh; path = RemoveRoleUser.sh; sourceTree = "<group>"; };
		A6C215DF1C558ACF00F31667 /* QueryClass.sh */ = {isa = PBXFileReference; lastKnownFileType = text.script.sh; path = QueryClass.sh; sourceTree = "<group>"; };
		A6C215E01C558D9400F31667 /* Logout.sh */ = {isa = PBXFileReference; lastKnownFileType = text.script.sh; path = Logout.sh; sourceTree = "<group>"; };
		A6C215E11C558DA400F31667 /* Login.sh */ = {isa = PBXFileReference; lastKnownFileType = text.script.sh; path = Login.sh; sourceTree = "<group>"; };
		A6C215E21C55938D00F31667 /* QuerySession.sh */ = {isa = PBXFileReference; lastKnownFileType = text.script.sh; path = QuerySession.sh; sourceTree = "<group>"; };
		A6C215E61C56127A00F31667 /* DeleteUser.sh */ = {isa = PBXFileReference; fileEncoding = 4; lastKnownFileType = text.script.sh; path = DeleteUser.sh; sourceTree = "<group>"; };
		A6C215E71C564D7400F31667 /* QueryMasterSession.sh */ = {isa = PBXFileReference; lastKnownFileType = text.script.sh; path = QueryMasterSession.sh; sourceTree = "<group>"; };
		A6C215EE1C582F3500F31667 /* RESTforPARSE.swift */ = {isa = PBXFileReference; fileEncoding = 4; lastKnownFileType = sourcecode.swift; path = RESTforPARSE.swift; sourceTree = "<group>"; };
		A6CEA17B1C4AA75F00B26548 /* TZEAdmin */ = {isa = PBXFileReference; explicitFileType = "compiled.mach-o.executable"; includeInIndex = 0; path = TZEAdmin; sourceTree = BUILT_PRODUCTS_DIR; };
		A6CEA17E1C4AA75F00B26548 /* main.swift */ = {isa = PBXFileReference; lastKnownFileType = sourcecode.swift; path = main.swift; sourceTree = "<group>"; };
		A6CEA18B1C4AD94500B26548 /* CreateNameData.swift */ = {isa = PBXFileReference; fileEncoding = 4; lastKnownFileType = sourcecode.swift; path = CreateNameData.swift; sourceTree = "<group>"; };
		A6CEA18D1C4AE90700B26548 /* TimeZones.csv */ = {isa = PBXFileReference; fileEncoding = 4; lastKnownFileType = text; path = TimeZones.csv; sourceTree = "<group>"; };
		A6EBC4EF1C547F32006DF748 /* SwiftyJSONTests.xctest */ = {isa = PBXFileReference; explicitFileType = wrapper.cfbundle; includeInIndex = 0; path = SwiftyJSONTests.xctest; sourceTree = BUILT_PRODUCTS_DIR; };
/* End PBXFileReference section */

/* Begin PBXFrameworksBuildPhase section */
		A6CEA1781C4AA75F00B26548 /* Frameworks */ = {
			isa = PBXFrameworksBuildPhase;
			buildActionMask = 2147483647;
			files = (
			);
			runOnlyForDeploymentPostprocessing = 0;
		};
		A6EBC4EC1C547F32006DF748 /* Frameworks */ = {
			isa = PBXFrameworksBuildPhase;
			buildActionMask = 2147483647;
			files = (
			);
			runOnlyForDeploymentPostprocessing = 0;
		};
/* End PBXFrameworksBuildPhase section */

/* Begin PBXGroup section */
		A682057C1C545C1800C16908 /* CommandLine */ = {
			isa = PBXGroup;
			children = (
				A68205761C545C0E00C16908 /* StringExtensions.swift */,
				A68205771C545C0E00C16908 /* Option.swift */,
				A68205781C545C0E00C16908 /* CommandLine.swift */,
			);
			name = CommandLine;
			sourceTree = "<group>";
		};
		A68F884F1C538982003D200D /* Frameworks */ = {
			isa = PBXGroup;
			children = (
			);
			name = Frameworks;
			sourceTree = "<group>";
		};
		A6B34C921C583CCA001296F3 /* Gloss */ = {
			isa = PBXGroup;
			children = (
				A6B34C931C583CCA001296F3 /* Decoder.swift */,
				A6B34C941C583CCA001296F3 /* Dictionary.swift */,
				A6B34C951C583CCA001296F3 /* Encoder.swift */,
				A6B34C961C583CCA001296F3 /* Gloss.h */,
				A6B34C971C583CCA001296F3 /* Gloss.swift */,
				A6B34C981C583CCA001296F3 /* Info.plist */,
				A6B34C991C583CCA001296F3 /* Operators.swift */,
			);
			path = Gloss;
			sourceTree = "<group>";
		};
		A6C215E31C55A9FF00F31667 /* Scripts */ = {
			isa = PBXGroup;
			children = (
				A6C215DC1C557A3300F31667 /* AddRoleRelations.sh */,
				A6C215DD1C5583F200F31667 /* AddRoleUser.sh */,
				A6C215DE1C55884400F31667 /* RemoveRoleUser.sh */,
				A6C215DF1C558ACF00F31667 /* QueryClass.sh */,
				A6C215E21C55938D00F31667 /* QuerySession.sh */,
				A6C215E71C564D7400F31667 /* QueryMasterSession.sh */,
				A6C215E01C558D9400F31667 /* Logout.sh */,
				A6C215E61C56127A00F31667 /* DeleteUser.sh */,
				A6C215E11C558DA400F31667 /* Login.sh */,
			);
			name = Scripts;
			sourceTree = "<group>";
		};
		A6CEA1721C4AA75F00B26548 = {
			isa = PBXGroup;
			children = (
				A68F884F1C538982003D200D /* Frameworks */,
				A6CEA17D1C4AA75F00B26548 /* TZEAdmin */,
				A6CEA17C1C4AA75F00B26548 /* Products */,
			);
			sourceTree = "<group>";
		};
		A6CEA17C1C4AA75F00B26548 /* Products */ = {
			isa = PBXGroup;
			children = (
				A6CEA17B1C4AA75F00B26548 /* TZEAdmin */,
				A6EBC4EF1C547F32006DF748 /* SwiftyJSONTests.xctest */,
			);
			name = Products;
			sourceTree = "<group>";
		};
		A6CEA17D1C4AA75F00B26548 /* TZEAdmin */ = {
			isa = PBXGroup;
			children = (
				A6CEA17E1C4AA75F00B26548 /* main.swift */,
				A68205801C545D2300C16908 /* TZREST.swift */,
				A6C215EE1C582F3500F31667 /* RESTforPARSE.swift */,
				A6B34C901C583555001296F3 /* DataConnection.swift */,
				A6B34C921C583CCA001296F3 /* Gloss */,
				A6CEA18B1C4AD94500B26548 /* CreateNameData.swift */,
				A6C215E31C55A9FF00F31667 /* Scripts */,
				A682057C1C545C1800C16908 /* CommandLine */,
				A6CEA18D1C4AE90700B26548 /* TimeZones.csv */,
			);
			path = TZEAdmin;
			sourceTree = "<group>";
		};
/* End PBXGroup section */

/* Begin PBXNativeTarget section */
		A6CEA17A1C4AA75F00B26548 /* TZEAdmin */ = {
			isa = PBXNativeTarget;
			buildConfigurationList = A6CEA1821C4AA75F00B26548 /* Build configuration list for PBXNativeTarget "TZEAdmin" */;
			buildPhases = (
				A6CEA1771C4AA75F00B26548 /* Sources */,
				A6CEA1781C4AA75F00B26548 /* Frameworks */,
				A6CEA1791C4AA75F00B26548 /* CopyFiles */,
			);
			buildRules = (
			);
			dependencies = (
			);
			name = TZEAdmin;
			productName = TZEAdmin;
			productReference = A6CEA17B1C4AA75F00B26548 /* TZEAdmin */;
			productType = "com.apple.product-type.tool";
		};
		A6EBC4EE1C547F32006DF748 /* SwiftyJSONTests */ = {
			isa = PBXNativeTarget;
			buildConfigurationList = A6EBC4F41C547F32006DF748 /* Build configuration list for PBXNativeTarget "SwiftyJSONTests" */;
			buildPhases = (
				A6EBC4EB1C547F32006DF748 /* Sources */,
				A6EBC4EC1C547F32006DF748 /* Frameworks */,
				A6EBC4ED1C547F32006DF748 /* Resources */,
			);
			buildRules = (
			);
			dependencies = (
			);
			name = SwiftyJSONTests;
			productName = SwiftyJSONTests;
			productReference = A6EBC4EF1C547F32006DF748 /* SwiftyJSONTests.xctest */;
			productType = "com.apple.product-type.bundle.unit-test";
		};
/* End PBXNativeTarget section */

/* Begin PBXProject section */
		A6CEA1731C4AA75F00B26548 /* Project object */ = {
			isa = PBXProject;
			attributes = {
				LastSwiftMigration = 0720;
				LastSwiftUpdateCheck = 0720;
				LastUpgradeCheck = 0720;
				ORGANIZATIONNAME = "Michael L. Mehr";
				TargetAttributes = {
					A6CEA17A1C4AA75F00B26548 = {
						CreatedOnToolsVersion = 7.2;
					};
					A6EBC4EE1C547F32006DF748 = {
						CreatedOnToolsVersion = 7.2;
					};
				};
			};
			buildConfigurationList = A6CEA1761C4AA75F00B26548 /* Build configuration list for PBXProject "TZEAdmin" */;
			compatibilityVersion = "Xcode 3.2";
			developmentRegion = English;
			hasScannedForEncodings = 0;
			knownRegions = (
				en,
			);
			mainGroup = A6CEA1721C4AA75F00B26548;
			productRefGroup = A6CEA17C1C4AA75F00B26548 /* Products */;
			projectDirPath = "";
			projectRoot = "";
			targets = (
				A6CEA17A1C4AA75F00B26548 /* TZEAdmin */,
				A6EBC4EE1C547F32006DF748 /* SwiftyJSONTests */,
			);
		};
/* End PBXProject section */

/* Begin PBXResourcesBuildPhase section */
		A6EBC4ED1C547F32006DF748 /* Resources */ = {
			isa = PBXResourcesBuildPhase;
			buildActionMask = 2147483647;
			files = (
			);
			runOnlyForDeploymentPostprocessing = 0;
		};
/* End PBXResourcesBuildPhase section */

/* Begin PBXSourcesBuildPhase section */
		A6CEA1771C4AA75F00B26548 /* Sources */ = {
			isa = PBXSourcesBuildPhase;
			buildActionMask = 2147483647;
			files = (
				A682057B1C545C0E00C16908 /* CommandLine.swift in Sources */,
				A6B34C9B1C583CCA001296F3 /* Dictionary.swift in Sources */,
				A6B34C911C583555001296F3 /* DataConnection.swift in Sources */,
				A682057A1C545C0E00C16908 /* Option.swift in Sources */,
				A68205791C545C0E00C16908 /* StringExtensions.swift in Sources */,
				A6B34C9A1C583CCA001296F3 /* Decoder.swift in Sources */,
				A6B34C9D1C583CCA001296F3 /* Gloss.swift in Sources */,
				A6C215EF1C582F3500F31667 /* RESTforPARSE.swift in Sources */,
				A6CEA18C1C4AD94500B26548 /* CreateNameData.swift in Sources */,
				A6B34C9E1C583CCA001296F3 /* Operators.swift in Sources */,
				A68205811C545D2300C16908 /* TZREST.swift in Sources */,
				A6B34C9C1C583CCA001296F3 /* Encoder.swift in Sources */,
				A6CEA17F1C4AA75F00B26548 /* main.swift in Sources */,
			);
			runOnlyForDeploymentPostprocessing = 0;
		};
		A6EBC4EB1C547F32006DF748 /* Sources */ = {
			isa = PBXSourcesBuildPhase;
			buildActionMask = 2147483647;
			files = (
			);
			runOnlyForDeploymentPostprocessing = 0;
		};
/* End PBXSourcesBuildPhase section */

/* Begin XCBuildConfiguration section */
		A6CEA1801C4AA75F00B26548 /* Debug */ = {
			isa = XCBuildConfiguration;
			buildSettings = {
				ALWAYS_SEARCH_USER_PATHS = NO;
				CLANG_CXX_LANGUAGE_STANDARD = "gnu++0x";
				CLANG_CXX_LIBRARY = "libc++";
				CLANG_ENABLE_MODULES = YES;
				CLANG_ENABLE_OBJC_ARC = YES;
				CLANG_WARN_BOOL_CONVERSION = YES;
				CLANG_WARN_CONSTANT_CONVERSION = YES;
				CLANG_WARN_DIRECT_OBJC_ISA_USAGE = YES_ERROR;
				CLANG_WARN_EMPTY_BODY = YES;
				CLANG_WARN_ENUM_CONVERSION = YES;
				CLANG_WARN_INT_CONVERSION = YES;
				CLANG_WARN_OBJC_ROOT_CLASS = YES_ERROR;
				CLANG_WARN_UNREACHABLE_CODE = YES;
				CLANG_WARN__DUPLICATE_METHOD_MATCH = YES;
				CODE_SIGN_IDENTITY = "-";
				COPY_PHASE_STRIP = NO;
				DEBUG_INFORMATION_FORMAT = dwarf;
				ENABLE_STRICT_OBJC_MSGSEND = YES;
				ENABLE_TESTABILITY = YES;
				GCC_C_LANGUAGE_STANDARD = gnu99;
				GCC_DYNAMIC_NO_PIC = NO;
				GCC_NO_COMMON_BLOCKS = YES;
				GCC_OPTIMIZATION_LEVEL = 0;
				GCC_PREPROCESSOR_DEFINITIONS = (
					"DEBUG=1",
					"$(inherited)",
				);
				GCC_WARN_64_TO_32_BIT_CONVERSION = YES;
				GCC_WARN_ABOUT_RETURN_TYPE = YES_ERROR;
				GCC_WARN_UNDECLARED_SELECTOR = YES;
				GCC_WARN_UNINITIALIZED_AUTOS = YES_AGGRESSIVE;
				GCC_WARN_UNUSED_FUNCTION = YES;
				GCC_WARN_UNUSED_VARIABLE = YES;
				MACOSX_DEPLOYMENT_TARGET = 10.11;
				MTL_ENABLE_DEBUG_INFO = YES;
				ONLY_ACTIVE_ARCH = YES;
				SDKROOT = macosx;
				SWIFT_OPTIMIZATION_LEVEL = "-Onone";
			};
			name = Debug;
		};
		A6CEA1811C4AA75F00B26548 /* Release */ = {
			isa = XCBuildConfiguration;
			buildSettings = {
				ALWAYS_SEARCH_USER_PATHS = NO;
				CLANG_CXX_LANGUAGE_STANDARD = "gnu++0x";
				CLANG_CXX_LIBRARY = "libc++";
				CLANG_ENABLE_MODULES = YES;
				CLANG_ENABLE_OBJC_ARC = YES;
				CLANG_WARN_BOOL_CONVERSION = YES;
				CLANG_WARN_CONSTANT_CONVERSION = YES;
				CLANG_WARN_DIRECT_OBJC_ISA_USAGE = YES_ERROR;
				CLANG_WARN_EMPTY_BODY = YES;
				CLANG_WARN_ENUM_CONVERSION = YES;
				CLANG_WARN_INT_CONVERSION = YES;
				CLANG_WARN_OBJC_ROOT_CLASS = YES_ERROR;
				CLANG_WARN_UNREACHABLE_CODE = YES;
				CLANG_WARN__DUPLICATE_METHOD_MATCH = YES;
				CODE_SIGN_IDENTITY = "-";
				COPY_PHASE_STRIP = NO;
				DEBUG_INFORMATION_FORMAT = "dwarf-with-dsym";
				ENABLE_NS_ASSERTIONS = NO;
				ENABLE_STRICT_OBJC_MSGSEND = YES;
				GCC_C_LANGUAGE_STANDARD = gnu99;
				GCC_NO_COMMON_BLOCKS = YES;
				GCC_WARN_64_TO_32_BIT_CONVERSION = YES;
				GCC_WARN_ABOUT_RETURN_TYPE = YES_ERROR;
				GCC_WARN_UNDECLARED_SELECTOR = YES;
				GCC_WARN_UNINITIALIZED_AUTOS = YES_AGGRESSIVE;
				GCC_WARN_UNUSED_FUNCTION = YES;
				GCC_WARN_UNUSED_VARIABLE = YES;
				MACOSX_DEPLOYMENT_TARGET = 10.11;
				MTL_ENABLE_DEBUG_INFO = NO;
				SDKROOT = macosx;
			};
			name = Release;
		};
		A6CEA1831C4AA75F00B26548 /* Debug */ = {
			isa = XCBuildConfiguration;
			buildSettings = {
				FRAMEWORK_SEARCH_PATHS = (
					"$(inherited)",
					"$(PROJECT_DIR)/TZEAdmin",
				);
				PRODUCT_NAME = "$(TARGET_NAME)";
			};
			name = Debug;
		};
		A6CEA1841C4AA75F00B26548 /* Release */ = {
			isa = XCBuildConfiguration;
			buildSettings = {
				FRAMEWORK_SEARCH_PATHS = (
					"$(inherited)",
					"$(PROJECT_DIR)/TZEAdmin",
				);
				PRODUCT_NAME = "$(TARGET_NAME)";
			};
			name = Release;
		};
		A6EBC4F51C547F32006DF748 /* Debug */ = {
			isa = XCBuildConfiguration;
			buildSettings = {
				COMBINE_HIDPI_IMAGES = YES;
				INFOPLIST_FILE = SwiftyJSONTests/Info.plist;
				LD_RUNPATH_SEARCH_PATHS = "$(inherited) @executable_path/../Frameworks @loader_path/../Frameworks";
				PRODUCT_BUNDLE_IDENTIFIER = com.azuresults.SwiftyJSONTests;
				PRODUCT_NAME = "$(TARGET_NAME)";
			};
			name = Debug;
		};
		A6EBC4F61C547F32006DF748 /* Release */ = {
			isa = XCBuildConfiguration;
			buildSettings = {
				COMBINE_HIDPI_IMAGES = YES;
				INFOPLIST_FILE = SwiftyJSONTests/Info.plist;
				LD_RUNPATH_SEARCH_PATHS = "$(inherited) @executable_path/../Frameworks @loader_path/../Frameworks";
				PRODUCT_BUNDLE_IDENTIFIER = com.azuresults.SwiftyJSONTests;
				PRODUCT_NAME = "$(TARGET_NAME)";
			};
			name = Release;
		};
/* End XCBuildConfiguration section */

/* Begin XCConfigurationList section */
		A6CEA1761C4AA75F00B26548 /* Build configuration list for PBXProject "TZEAdmin" */ = {
			isa = XCConfigurationList;
			buildConfigurations = (
				A6CEA1801C4AA75F00B26548 /* Debug */,
				A6CEA1811C4AA75F00B26548 /* Release */,
			);
			defaultConfigurationIsVisible = 0;
			defaultConfigurationName = Release;
		};
		A6CEA1821C4AA75F00B26548 /* Build configuration list for PBXNativeTarget "TZEAdmin" */ = {
			isa = XCConfigurationList;
			buildConfigurations = (
				A6CEA1831C4AA75F00B26548 /* Debug */,
				A6CEA1841C4AA75F00B26548 /* Release */,
			);
			defaultConfigurationIsVisible = 0;
			defaultConfigurationName = Release;
		};
		A6EBC4F41C547F32006DF748 /* Build configuration list for PBXNativeTarget "SwiftyJSONTests" */ = {
			isa = XCConfigurationList;
			buildConfigurations = (
				A6EBC4F51C547F32006DF748 /* Debug */,
				A6EBC4F61C547F32006DF748 /* Release */,
			);
			defaultConfigurationIsVisible = 0;
			defaultConfigurationName = Release;
		};
/* End XCConfigurationList section */
	};
	rootObject = A6CEA1731C4AA75F00B26548 /* Project object */;
}
